
Microsoft Visual Studio Solution File, Format Version 12.00
# Visual Studio Version 16
VisualStudioVersion = 16.0.29411.108
MinimumVisualStudioVersion = 10.0.40219.1
Project("{8BC9CEB8-8B4A-11D0-8D11-00A0C91BC942}") = "Adopse_efood_omada14", "Adopse_efood_omada14\Adopse_efood_omada14.vcxproj", "{F086B58E-73C5-4B70-9A29-EA63548F1131}"
EndProject
Project("{FAE04EC0-301F-11D3-BF4B-00C04F79EFBC}") = "Arxiki_Stelios_Papadopoulos", "Arxiki_Stelios_Papadopoulos\Arxiki_Stelios_Papadopoulos.csproj", "{EC898ACC-B2A3-4C0A-BDE4-0C28BC459937}"
EndProject
Global
	GlobalSection(SolutionConfigurationPlatforms) = preSolution
		Debug|Any CPU = Debug|Any CPU
		Debug|x64 = Debug|x64
		Debug|x86 = Debug|x86
		Release|Any CPU = Release|Any CPU
		Release|x64 = Release|x64
		Release|x86 = Release|x86
	EndGlobalSection
	GlobalSection(ProjectConfigurationPlatforms) = postSolution
		{F086B58E-73C5-4B70-9A29-EA63548F1131}.Debug|Any CPU.ActiveCfg = Debug|Win32
		{F086B58E-73C5-4B70-9A29-EA63548F1131}.Debug|x64.ActiveCfg = Debug|x64
		{F086B58E-73C5-4B70-9A29-EA63548F1131}.Debug|x64.Build.0 = Debug|x64
		{F086B58E-73C5-4B70-9A29-EA63548F1131}.Debug|x86.ActiveCfg = Debug|Win32
		{F086B58E-73C5-4B70-9A29-EA63548F1131}.Debug|x86.Build.0 = Debug|Win32
		{F086B58E-73C5-4B70-9A29-EA63548F1131}.Release|Any CPU.ActiveCfg = Release|Win32
		{F086B58E-73C5-4B70-9A29-EA63548F1131}.Release|x64.ActiveCfg = Release|x64
		{F086B58E-73C5-4B70-9A29-EA63548F1131}.Release|x64.Build.0 = Release|x64
		{F086B58E-73C5-4B70-9A29-EA63548F1131}.Release|x86.ActiveCfg = Release|Win32
		{F086B58E-73C5-4B70-9A29-EA63548F1131}.Release|x86.Build.0 = Release|Win32
		{EC898ACC-B2A3-4C0A-BDE4-0C28BC459937}.Debug|Any CPU.ActiveCfg = Debug|Any CPU
		{EC898ACC-B2A3-4C0A-BDE4-0C28BC459937}.Debug|Any CPU.Build.0 = Debug|Any CPU
		{EC898ACC-B2A3-4C0A-BDE4-0C28BC459937}.Debug|x64.ActiveCfg = Debug|Any CPU
		{EC898ACC-B2A3-4C0A-BDE4-0C28BC459937}.Debug|x64.Build.0 = Debug|Any CPU
		{EC898ACC-B2A3-4C0A-BDE4-0C28BC459937}.Debug|x86.ActiveCfg = Debug|Any CPU
		{EC898ACC-B2A3-4C0A-BDE4-0C28BC459937}.Debug|x86.Build.0 = Debug|Any CPU
		{EC898ACC-B2A3-4C0A-BDE4-0C28BC459937}.Release|Any CPU.ActiveCfg = Release|Any CPU
		{EC898ACC-B2A3-4C0A-BDE4-0C28BC459937}.Release|Any CPU.Build.0 = Release|Any CPU
		{EC898ACC-B2A3-4C0A-BDE4-0C28BC459937}.Release|x64.ActiveCfg = Release|Any CPU
		{EC898ACC-B2A3-4C0A-BDE4-0C28BC459937}.Release|x64.Build.0 = Release|Any CPU
		{EC898ACC-B2A3-4C0A-BDE4-0C28BC459937}.Release|x86.ActiveCfg = Release|Any CPU
		{EC898ACC-B2A3-4C0A-BDE4-0C28BC459937}.Release|x86.Build.0 = Release|Any CPU
	EndGlobalSection
	GlobalSection(SolutionProperties) = preSolution
		HideSolutionNode = FALSE
	EndGlobalSection
	GlobalSection(ExtensibilityGlobals) = postSolution
		SolutionGuid = {03DFB378-2381-41B6-847B-4B0E46BB5421}
	EndGlobalSection
EndGlobal
